// !$*UTF8*$!
{
	archiveVersion = 1;
	classes = {
	};
	objectVersion = 55;
	objects = {

/* Begin PBXBuildFile section */
		0518081C2807982700278FC2 /* RandomuserAPIApp.swift in Sources */ = {isa = PBXBuildFile; fileRef = 0518081B2807982700278FC2 /* RandomuserAPIApp.swift */; };
		0518081E2807982700278FC2 /* ContentView.swift in Sources */ = {isa = PBXBuildFile; fileRef = 0518081D2807982700278FC2 /* ContentView.swift */; };
		051808202807982800278FC2 /* Assets.xcassets in Resources */ = {isa = PBXBuildFile; fileRef = 0518081F2807982800278FC2 /* Assets.xcassets */; };
		051808232807982800278FC2 /* Preview Assets.xcassets in Resources */ = {isa = PBXBuildFile; fileRef = 051808222807982800278FC2 /* Preview Assets.xcassets */; };
		0518082B2807992800278FC2 /* URLImage in Frameworks */ = {isa = PBXBuildFile; productRef = 0518082A2807992800278FC2 /* URLImage */; };
		0518082D2807992800278FC2 /* URLImageStore in Frameworks */ = {isa = PBXBuildFile; productRef = 0518082C2807992800278FC2 /* URLImageStore */; };
		051808302807997E00278FC2 /* ProfileImgView.swift in Sources */ = {isa = PBXBuildFile; fileRef = 0518082F2807997E00278FC2 /* ProfileImgView.swift */; };
		051808322807C19E00278FC2 /* RandomuserItemView.swift in Sources */ = {isa = PBXBuildFile; fileRef = 051808312807C19E00278FC2 /* RandomuserItemView.swift */; };
		54C6177A5CFB1AA6D1DFF0FD /* Pods_RandomuserAPI.framework in Frameworks */ = {isa = PBXBuildFile; fileRef = F082278DA56C318873D52C74 /* Pods_RandomuserAPI.framework */; };
/* End PBXBuildFile section */

/* Begin PBXFileReference section */
		051808182807982700278FC2 /* RandomuserAPI.app */ = {isa = PBXFileReference; explicitFileType = wrapper.application; includeInIndex = 0; path = RandomuserAPI.app; sourceTree = BUILT_PRODUCTS_DIR; };
		0518081B2807982700278FC2 /* RandomuserAPIApp.swift */ = {isa = PBXFileReference; lastKnownFileType = sourcecode.swift; path = RandomuserAPIApp.swift; sourceTree = "<group>"; };
		0518081D2807982700278FC2 /* ContentView.swift */ = {isa = PBXFileReference; lastKnownFileType = sourcecode.swift; path = ContentView.swift; sourceTree = "<group>"; };
		0518081F2807982800278FC2 /* Assets.xcassets */ = {isa = PBXFileReference; lastKnownFileType = folder.assetcatalog; path = Assets.xcassets; sourceTree = "<group>"; };
		051808222807982800278FC2 /* Preview Assets.xcassets */ = {isa = PBXFileReference; lastKnownFileType = folder.assetcatalog; path = "Preview Assets.xcassets"; sourceTree = "<group>"; };
		0518082F2807997E00278FC2 /* ProfileImgView.swift */ = {isa = PBXFileReference; lastKnownFileType = sourcecode.swift; path = ProfileImgView.swift; sourceTree = "<group>"; };
		051808312807C19E00278FC2 /* RandomuserItemView.swift */ = {isa = PBXFileReference; lastKnownFileType = sourcecode.swift; path = RandomuserItemView.swift; sourceTree = "<group>"; };
		0766FF9713A1045D9CEB1511 /* Pods-RandomuserAPI.debug.xcconfig */ = {isa = PBXFileReference; includeInIndex = 1; lastKnownFileType = text.xcconfig; name = "Pods-RandomuserAPI.debug.xcconfig"; path = "Target Support Files/Pods-RandomuserAPI/Pods-RandomuserAPI.debug.xcconfig"; sourceTree = "<group>"; };
		6E3D9398C076976462EB295E /* Pods-RandomuserAPI.release.xcconfig */ = {isa = PBXFileReference; includeInIndex = 1; lastKnownFileType = text.xcconfig; name = "Pods-RandomuserAPI.release.xcconfig"; path = "Target Support Files/Pods-RandomuserAPI/Pods-RandomuserAPI.release.xcconfig"; sourceTree = "<group>"; };
		F082278DA56C318873D52C74 /* Pods_RandomuserAPI.framework */ = {isa = PBXFileReference; explicitFileType = wrapper.framework; includeInIndex = 0; path = Pods_RandomuserAPI.framework; sourceTree = BUILT_PRODUCTS_DIR; };
/* End PBXFileReference section */

/* Begin PBXFrameworksBuildPhase section */
		051808152807982700278FC2 /* Frameworks */ = {
			isa = PBXFrameworksBuildPhase;
			buildActionMask = 2147483647;
			files = (
				0518082D2807992800278FC2 /* URLImageStore in Frameworks */,
				0518082B2807992800278FC2 /* URLImage in Frameworks */,
				54C6177A5CFB1AA6D1DFF0FD /* Pods_RandomuserAPI.framework in Frameworks */,
			);
			runOnlyForDeploymentPostprocessing = 0;
		};
/* End PBXFrameworksBuildPhase section */

/* Begin PBXGroup section */
		0518080F2807982700278FC2 = {
			isa = PBXGroup;
			children = (
				0518081A2807982700278FC2 /* RandomuserAPI */,
				051808192807982700278FC2 /* Products */,
				09A8D2651A831E0F0A2E5414 /* Pods */,
				485002304D7FA7830288197D /* Frameworks */,
			);
			sourceTree = "<group>";
		};
		051808192807982700278FC2 /* Products */ = {
			isa = PBXGroup;
			children = (
				051808182807982700278FC2 /* RandomuserAPI.app */,
			);
			name = Products;
			sourceTree = "<group>";
		};
		0518081A2807982700278FC2 /* RandomuserAPI */ = {
			isa = PBXGroup;
			children = (
				0518082E2807996400278FC2 /* UI */,
				0518081B2807982700278FC2 /* RandomuserAPIApp.swift */,
				0518081D2807982700278FC2 /* ContentView.swift */,
				0518081F2807982800278FC2 /* Assets.xcassets */,
				051808212807982800278FC2 /* Preview Content */,
			);
			path = RandomuserAPI;
			sourceTree = "<group>";
		};
		051808212807982800278FC2 /* Preview Content */ = {
			isa = PBXGroup;
			children = (
				051808222807982800278FC2 /* Preview Assets.xcassets */,
			);
			path = "Preview Content";
			sourceTree = "<group>";
		};
		0518082E2807996400278FC2 /* UI */ = {
			isa = PBXGroup;
			children = (
				0518082F2807997E00278FC2 /* ProfileImgView.swift */,
				051808312807C19E00278FC2 /* RandomuserItemView.swift */,
			);
			path = UI;
			sourceTree = "<group>";
		};
		09A8D2651A831E0F0A2E5414 /* Pods */ = {
			isa = PBXGroup;
			children = (
				0766FF9713A1045D9CEB1511 /* Pods-RandomuserAPI.debug.xcconfig */,
				6E3D9398C076976462EB295E /* Pods-RandomuserAPI.release.xcconfig */,
			);
			name = Pods;
			path = Pods;
			sourceTree = "<group>";
		};
		485002304D7FA7830288197D /* Frameworks */ = {
			isa = PBXGroup;
			children = (
				F082278DA56C318873D52C74 /* Pods_RandomuserAPI.framework */,
			);
			name = Frameworks;
			sourceTree = "<group>";
		};
/* End PBXGroup section */

/* Begin PBXNativeTarget section */
		051808172807982700278FC2 /* RandomuserAPI */ = {
			isa = PBXNativeTarget;
			buildConfigurationList = 051808262807982800278FC2 /* Build configuration list for PBXNativeTarget "RandomuserAPI" */;
			buildPhases = (
				1FB9FC06764C11BBA9432560 /* [CP] Check Pods Manifest.lock */,
				051808142807982700278FC2 /* Sources */,
				051808152807982700278FC2 /* Frameworks */,
				051808162807982700278FC2 /* Resources */,
				B24EF98E14056F6FEC1F9E39 /* [CP] Embed Pods Frameworks */,
			);
			buildRules = (
			);
			dependencies = (
			);
			name = RandomuserAPI;
			packageProductDependencies = (
				0518082A2807992800278FC2 /* URLImage */,
				0518082C2807992800278FC2 /* URLImageStore */,
			);
			productName = RandomuserAPI;
			productReference = 051808182807982700278FC2 /* RandomuserAPI.app */;
			productType = "com.apple.product-type.application";
		};
/* End PBXNativeTarget section */

/* Begin PBXProject section */
		051808102807982700278FC2 /* Project object */ = {
			isa = PBXProject;
			attributes = {
				BuildIndependentTargetsInParallel = 1;
				LastSwiftUpdateCheck = 1320;
				LastUpgradeCheck = 1320;
				TargetAttributes = {
					051808172807982700278FC2 = {
						CreatedOnToolsVersion = 13.2.1;
					};
				};
			};
			buildConfigurationList = 051808132807982700278FC2 /* Build configuration list for PBXProject "RandomuserAPI" */;
			compatibilityVersion = "Xcode 13.0";
			developmentRegion = en;
			hasScannedForEncodings = 0;
			knownRegions = (
				en,
				Base,
			);
			mainGroup = 0518080F2807982700278FC2;
			packageReferences = (
				051808292807992800278FC2 /* XCRemoteSwiftPackageReference "url-image" */,
			);
			productRefGroup = 051808192807982700278FC2 /* Products */;
			projectDirPath = "";
			projectRoot = "";
			targets = (
				051808172807982700278FC2 /* RandomuserAPI */,
			);
		};
/* End PBXProject section */

/* Begin PBXResourcesBuildPhase section */
		051808162807982700278FC2 /* Resources */ = {
			isa = PBXResourcesBuildPhase;
			buildActionMask = 2147483647;
			files = (
				051808232807982800278FC2 /* Preview Assets.xcassets in Resources */,
				051808202807982800278FC2 /* Assets.xcassets in Resources */,
			);
			runOnlyForDeploymentPostprocessing = 0;
		};
/* End PBXResourcesBuildPhase section */

/* Begin PBXShellScriptBuildPhase section */
		1FB9FC06764C11BBA9432560 /* [CP] Check Pods Manifest.lock */ = {
			isa = PBXShellScriptBuildPhase;
			buildActionMask = 2147483647;
			files = (
			);
			inputFileListPaths = (
			);
			inputPaths = (
				"${PODS_PODFILE_DIR_PATH}/Podfile.lock",
				"${PODS_ROOT}/Manifest.lock",
			);
			name = "[CP] Check Pods Manifest.lock";
			outputFileListPaths = (
			);
			outputPaths = (
				"$(DERIVED_FILE_DIR)/Pods-RandomuserAPI-checkManifestLockResult.txt",
			);
			runOnlyForDeploymentPostprocessing = 0;
			shellPath = /bin/sh;
			shellScript = "diff \"${PODS_PODFILE_DIR_PATH}/Podfile.lock\" \"${PODS_ROOT}/Manifest.lock\" > /dev/null\nif [ $? != 0 ] ; then\n    # print error to STDERR\n    echo \"error: The sandbox is not in sync with the Podfile.lock. Run 'pod install' or update your CocoaPods installation.\" >&2\n    exit 1\nfi\n# This output is used by Xcode 'outputs' to avoid re-running this script phase.\necho \"SUCCESS\" > \"${SCRIPT_OUTPUT_FILE_0}\"\n";
			showEnvVarsInLog = 0;
		};
		B24EF98E14056F6FEC1F9E39 /* [CP] Embed Pods Frameworks */ = {
			isa = PBXShellScriptBuildPhase;
			buildActionMask = 2147483647;
			files = (
			);
			inputFileListPaths = (
				"${PODS_ROOT}/Target Support Files/Pods-RandomuserAPI/Pods-RandomuserAPI-frameworks-${CONFIGURATION}-input-files.xcfilelist",
			);
			name = "[CP] Embed Pods Frameworks";
			outputFileListPaths = (
				"${PODS_ROOT}/Target Support Files/Pods-RandomuserAPI/Pods-RandomuserAPI-frameworks-${CONFIGURATION}-output-files.xcfilelist",
			);
			runOnlyForDeploymentPostprocessing = 0;
			shellPath = /bin/sh;
			shellScript = "\"${PODS_ROOT}/Target Support Files/Pods-RandomuserAPI/Pods-RandomuserAPI-frameworks.sh\"\n";
			showEnvVarsInLog = 0;
		};
/* End PBXShellScriptBuildPhase section */

/* Begin PBXSourcesBuildPhase section */
		051808142807982700278FC2 /* Sources */ = {
			isa = PBXSourcesBuildPhase;
			buildActionMask = 2147483647;
			files = (
				051808302807997E00278FC2 /* ProfileImgView.swift in Sources */,
				051808322807C19E00278FC2 /* RandomuserItemView.swift in Sources */,
				0518081E2807982700278FC2 /* ContentView.swift in Sources */,
				0518081C2807982700278FC2 /* RandomuserAPIApp.swift in Sources */,
			);
			runOnlyForDeploymentPostprocessing = 0;
		};
/* End PBXSourcesBuildPhase section */

/* Begin XCBuildConfiguration section */
		051808242807982800278FC2 /* Debug */ = {
			isa = XCBuildConfiguration;
			buildSettings = {
				ALWAYS_SEARCH_USER_PATHS = NO;
				CLANG_ANALYZER_NONNULL = YES;
				CLANG_ANALYZER_NUMBER_OBJECT_CONVERSION = YES_AGGRESSIVE;
				CLANG_CXX_LANGUAGE_STANDARD = "gnu++17";
				CLANG_CXX_LIBRARY = "libc++";
				CLANG_ENABLE_MODULES = YES;
				CLANG_ENABLE_OBJC_ARC = YES;
				CLANG_ENABLE_OBJC_WEAK = YES;
				CLANG_WARN_BLOCK_CAPTURE_AUTORELEASING = YES;
				CLANG_WARN_BOOL_CONVERSION = YES;
				CLANG_WARN_COMMA = YES;
				CLANG_WARN_CONSTANT_CONVERSION = YES;
				CLANG_WARN_DEPRECATED_OBJC_IMPLEMENTATIONS = YES;
				CLANG_WARN_DIRECT_OBJC_ISA_USAGE = YES_ERROR;
				CLANG_WARN_DOCUMENTATION_COMMENTS = YES;
				CLANG_WARN_EMPTY_BODY = YES;
				CLANG_WARN_ENUM_CONVERSION = YES;
				CLANG_WARN_INFINITE_RECURSION = YES;
				CLANG_WARN_INT_CONVERSION = YES;
				CLANG_WARN_NON_LITERAL_NULL_CONVERSION = YES;
				CLANG_WARN_OBJC_IMPLICIT_RETAIN_SELF = YES;
				CLANG_WARN_OBJC_LITERAL_CONVERSION = YES;
				CLANG_WARN_OBJC_ROOT_CLASS = YES_ERROR;
				CLANG_WARN_QUOTED_INCLUDE_IN_FRAMEWORK_HEADER = YES;
				CLANG_WARN_RANGE_LOOP_ANALYSIS = YES;
				CLANG_WARN_STRICT_PROTOTYPES = YES;
				CLANG_WARN_SUSPICIOUS_MOVE = YES;
				CLANG_WARN_UNGUARDED_AVAILABILITY = YES_AGGRESSIVE;
				CLANG_WARN_UNREACHABLE_CODE = YES;
				CLANG_WARN__DUPLICATE_METHOD_MATCH = YES;
				COPY_PHASE_STRIP = NO;
				DEBUG_INFORMATION_FORMAT = dwarf;
				ENABLE_STRICT_OBJC_MSGSEND = YES;
				ENABLE_TESTABILITY = YES;
				GCC_C_LANGUAGE_STANDARD = gnu11;
				GCC_DYNAMIC_NO_PIC = NO;
				GCC_NO_COMMON_BLOCKS = YES;
				GCC_OPTIMIZATION_LEVEL = 0;
				GCC_PREPROCESSOR_DEFINITIONS = (
					"DEBUG=1",
					"$(inherited)",
				);
				GCC_WARN_64_TO_32_BIT_CONVERSION = YES;
				GCC_WARN_ABOUT_RETURN_TYPE = YES_ERROR;
				GCC_WARN_UNDECLARED_SELECTOR = YES;
				GCC_WARN_UNINITIALIZED_AUTOS = YES_AGGRESSIVE;
				GCC_WARN_UNUSED_FUNCTION = YES;
				GCC_WARN_UNUSED_VARIABLE = YES;
				IPHONEOS_DEPLOYMENT_TARGET = 15.2;
				MTL_ENABLE_DEBUG_INFO = INCLUDE_SOURCE;
				MTL_FAST_MATH = YES;
				ONLY_ACTIVE_ARCH = YES;
				SDKROOT = iphoneos;
				SWIFT_ACTIVE_COMPILATION_CONDITIONS = DEBUG;
				SWIFT_OPTIMIZATION_LEVEL = "-Onone";
			};
			name = Debug;
		};
		051808252807982800278FC2 /* Release */ = {
			isa = XCBuildConfiguration;
			buildSettings = {
				ALWAYS_SEARCH_USER_PATHS = NO;
				CLANG_ANALYZER_NONNULL = YES;
				CLANG_ANALYZER_NUMBER_OBJECT_CONVERSION = YES_AGGRESSIVE;
				CLANG_CXX_LANGUAGE_STANDARD = "gnu++17";
				CLANG_CXX_LIBRARY = "libc++";
				CLANG_ENABLE_MODULES = YES;
				CLANG_ENABLE_OBJC_ARC = YES;
				CLANG_ENABLE_OBJC_WEAK = YES;
				CLANG_WARN_BLOCK_CAPTURE_AUTORELEASING = YES;
				CLANG_WARN_BOOL_CONVERSION = YES;
				CLANG_WARN_COMMA = YES;
				CLANG_WARN_CONSTANT_CONVERSION = YES;
				CLANG_WARN_DEPRECATED_OBJC_IMPLEMENTATIONS = YES;
				CLANG_WARN_DIRECT_OBJC_ISA_USAGE = YES_ERROR;
				CLANG_WARN_DOCUMENTATION_COMMENTS = YES;
				CLANG_WARN_EMPTY_BODY = YES;
				CLANG_WARN_ENUM_CONVERSION = YES;
				CLANG_WARN_INFINITE_RECURSION = YES;
				CLANG_WARN_INT_CONVERSION = YES;
				CLANG_WARN_NON_LITERAL_NULL_CONVERSION = YES;
				CLANG_WARN_OBJC_IMPLICIT_RETAIN_SELF = YES;
				CLANG_WARN_OBJC_LITERAL_CONVERSION = YES;
				CLANG_WARN_OBJC_ROOT_CLASS = YES_ERROR;
				CLANG_WARN_QUOTED_INCLUDE_IN_FRAMEWORK_HEADER = YES;
				CLANG_WARN_RANGE_LOOP_ANALYSIS = YES;
				CLANG_WARN_STRICT_PROTOTYPES = YES;
				CLANG_WARN_SUSPICIOUS_MOVE = YES;
				CLANG_WARN_UNGUARDED_AVAILABILITY = YES_AGGRESSIVE;
				CLANG_WARN_UNREACHABLE_CODE = YES;
				CLANG_WARN__DUPLICATE_METHOD_MATCH = YES;
				COPY_PHASE_STRIP = NO;
				DEBUG_INFORMATION_FORMAT = "dwarf-with-dsym";
				ENABLE_NS_ASSERTIONS = NO;
				ENABLE_STRICT_OBJC_MSGSEND = YES;
				GCC_C_LANGUAGE_STANDARD = gnu11;
				GCC_NO_COMMON_BLOCKS = YES;
				GCC_WARN_64_TO_32_BIT_CONVERSION = YES;
				GCC_WARN_ABOUT_RETURN_TYPE = YES_ERROR;
				GCC_WARN_UNDECLARED_SELECTOR = YES;
				GCC_WARN_UNINITIALIZED_AUTOS = YES_AGGRESSIVE;
				GCC_WARN_UNUSED_FUNCTION = YES;
				GCC_WARN_UNUSED_VARIABLE = YES;
				IPHONEOS_DEPLOYMENT_TARGET = 15.2;
				MTL_ENABLE_DEBUG_INFO = NO;
				MTL_FAST_MATH = YES;
				SDKROOT = iphoneos;
				SWIFT_COMPILATION_MODE = wholemodule;
				SWIFT_OPTIMIZATION_LEVEL = "-O";
				VALIDATE_PRODUCT = YES;
			};
			name = Release;
		};
		051808272807982800278FC2 /* Debug */ = {
			isa = XCBuildConfiguration;
			baseConfigurationReference = 0766FF9713A1045D9CEB1511 /* Pods-RandomuserAPI.debug.xcconfig */;
			buildSettings = {
				ASSETCATALOG_COMPILER_APPICON_NAME = AppIcon;
				ASSETCATALOG_COMPILER_GLOBAL_ACCENT_COLOR_NAME = AccentColor;
				CODE_SIGN_STYLE = Automatic;
				CURRENT_PROJECT_VERSION = 1;
				DEVELOPMENT_ASSET_PATHS = "\"RandomuserAPI/Preview Content\"";
				ENABLE_PREVIEWS = YES;
				GENERATE_INFOPLIST_FILE = YES;
				INFOPLIST_KEY_UIApplicationSceneManifest_Generation = YES;
				INFOPLIST_KEY_UIApplicationSupportsIndirectInputEvents = YES;
				INFOPLIST_KEY_UILaunchScreen_Generation = YES;
				INFOPLIST_KEY_UISupportedInterfaceOrientations_iPad = "UIInterfaceOrientationPortrait UIInterfaceOrientationPortraitUpsideDown UIInterfaceOrientationLandscapeLeft UIInterfaceOrientationLandscapeRight";
				INFOPLIST_KEY_UISupportedInterfaceOrientations_iPhone = "UIInterfaceOrientationPortrait UIInterfaceOrientationLandscapeLeft UIInterfaceOrientationLandscapeRight";
				LD_RUNPATH_SEARCH_PATHS = (
					"$(inherited)",
					"@executable_path/Frameworks",
				);
				MARKETING_VERSION = 1.0;
				PRODUCT_BUNDLE_IDENTIFIER = com.swif.RandomuserAPI;
				PRODUCT_NAME = "$(TARGET_NAME)";
				SWIFT_EMIT_LOC_STRINGS = YES;
				SWIFT_VERSION = 5.0;
				TARGETED_DEVICE_FAMILY = "1,2";
			};
			name = Debug;
		};
		051808282807982800278FC2 /* Release */ = {
			isa = XCBuildConfiguration;
			baseConfigurationReference = 6E3D9398C076976462EB295E /* Pods-RandomuserAPI.release.xcconfig */;
			buildSettings = {
				ASSETCATALOG_COMPILER_APPICON_NAME = AppIcon;
				ASSETCATALOG_COMPILER_GLOBAL_ACCENT_COLOR_NAME = AccentColor;
				CODE_SIGN_STYLE = Automatic;
				CURRENT_PROJECT_VERSION = 1;
				DEVELOPMENT_ASSET_PATHS = "\"RandomuserAPI/Preview Content\"";
				ENABLE_PREVIEWS = YES;
				GENERATE_INFOPLIST_FILE = YES;
				INFOPLIST_KEY_UIApplicationSceneManifest_Generation = YES;
				INFOPLIST_KEY_UIApplicationSupportsIndirectInputEvents = YES;
				INFOPLIST_KEY_UILaunchScreen_Generation = YES;
				INFOPLIST_KEY_UISupportedInterfaceOrientations_iPad = "UIInterfaceOrientationPortrait UIInterfaceOrientationPortraitUpsideDown UIInterfaceOrientationLandscapeLeft UIInterfaceOrientationLandscapeRight";
				INFOPLIST_KEY_UISupportedInterfaceOrientations_iPhone = "UIInterfaceOrientationPortrait UIInterfaceOrientationLandscapeLeft UIInterfaceOrientationLandscapeRight";
				LD_RUNPATH_SEARCH_PATHS = (
					"$(inherited)",
					"@executable_path/Frameworks",
				);
				MARKETING_VERSION = 1.0;
				PRODUCT_BUNDLE_IDENTIFIER = com.swif.RandomuserAPI;
				PRODUCT_NAME = "$(TARGET_NAME)";
				SWIFT_EMIT_LOC_STRINGS = YES;
				SWIFT_VERSION = 5.0;
				TARGETED_DEVICE_FAMILY = "1,2";
			};
			name = Release;
		};
/* End XCBuildConfiguration section */

/* Begin XCConfigurationList section */
		051808132807982700278FC2 /* Build configuration list for PBXProject "RandomuserAPI" */ = {
			isa = XCConfigurationList;
			buildConfigurations = (
				051808242807982800278FC2 /* Debug */,
				051808252807982800278FC2 /* Release */,
			);
			defaultConfigurationIsVisible = 0;
			defaultConfigurationName = Release;
		};
		051808262807982800278FC2 /* Build configuration list for PBXNativeTarget "RandomuserAPI" */ = {
			isa = XCConfigurationList;
			buildConfigurations = (
				051808272807982800278FC2 /* Debug */,
				051808282807982800278FC2 /* Release */,
			);
			defaultConfigurationIsVisible = 0;
			defaultConfigurationName = Release;
		};
/* End XCConfigurationList section */

/* Begin XCRemoteSwiftPackageReference section */
		051808292807992800278FC2 /* XCRemoteSwiftPackageReference "url-image" */ = {
			isa = XCRemoteSwiftPackageReference;
			repositoryURL = "https://github.com/dmytro-anokhin/url-image";
			requirement = {
				kind = upToNextMajorVersion;
				minimumVersion = 3.0.0;
			};
		};
/* End XCRemoteSwiftPackageReference section */

/* Begin XCSwiftPackageProductDependency section */
		0518082A2807992800278FC2 /* URLImage */ = {
			isa = XCSwiftPackageProductDependency;
			package = 051808292807992800278FC2 /* XCRemoteSwiftPackageReference "url-image" */;
			productName = URLImage;
		};
		0518082C2807992800278FC2 /* URLImageStore */ = {
			isa = XCSwiftPackageProductDependency;
			package = 051808292807992800278FC2 /* XCRemoteSwiftPackageReference "url-image" */;
			productName = URLImageStore;
		};
/* End XCSwiftPackageProductDependency section */
	};
	rootObject = 051808102807982700278FC2 /* Project object */;
}
